// !$*UTF8*$!
{
	archiveVersion = 1;
	classes = {
	};
	objectVersion = 55;
	objects = {

/* Begin PBXBuildFile section */
		4624EA7227F1E92700C87398 /* Alert.swift in Sources */ = {isa = PBXBuildFile; fileRef = 4624EA7127F1E92700C87398 /* Alert.swift */; };
		4624EA7427F2017100C87398 /* UsersTableViewController.swift in Sources */ = {isa = PBXBuildFile; fileRef = 4624EA7327F2017100C87398 /* UsersTableViewController.swift */; };
		469BCA3B27EB899100DDACEF /* AppDelegate.swift in Sources */ = {isa = PBXBuildFile; fileRef = 469BCA3A27EB899100DDACEF /* AppDelegate.swift */; };
		469BCA3D27EB899100DDACEF /* SceneDelegate.swift in Sources */ = {isa = PBXBuildFile; fileRef = 469BCA3C27EB899100DDACEF /* SceneDelegate.swift */; };
		469BCA3F27EB899100DDACEF /* ViewController.swift in Sources */ = {isa = PBXBuildFile; fileRef = 469BCA3E27EB899100DDACEF /* ViewController.swift */; };
		469BCA4227EB899100DDACEF /* Main.storyboard in Resources */ = {isa = PBXBuildFile; fileRef = 469BCA4027EB899100DDACEF /* Main.storyboard */; };
		469BCA4427EB899300DDACEF /* Assets.xcassets in Resources */ = {isa = PBXBuildFile; fileRef = 469BCA4327EB899300DDACEF /* Assets.xcassets */; };
		469BCA4727EB899300DDACEF /* LaunchScreen.storyboard in Resources */ = {isa = PBXBuildFile; fileRef = 469BCA4527EB899300DDACEF /* LaunchScreen.storyboard */; };
		469BCA5327EB8CCA00DDACEF /* GoogleService-Info.plist in Resources */ = {isa = PBXBuildFile; fileRef = 469BCA5227EB8CCA00DDACEF /* GoogleService-Info.plist */; };
		469BCA5527EB925800DDACEF /* SignInViewController.swift in Sources */ = {isa = PBXBuildFile; fileRef = 469BCA5427EB925800DDACEF /* SignInViewController.swift */; };
		469BCA5727EB927E00DDACEF /* RegisterViewController.swift in Sources */ = {isa = PBXBuildFile; fileRef = 469BCA5627EB927E00DDACEF /* RegisterViewController.swift */; };
		469BCA5927ECEDC200DDACEF /* SnapViewController.swift in Sources */ = {isa = PBXBuildFile; fileRef = 469BCA5827ECEDC200DDACEF /* SnapViewController.swift */; };
		469BCA5B27ECEE0400DDACEF /* PhotoViewController.swift in Sources */ = {isa = PBXBuildFile; fileRef = 469BCA5A27ECEE0400DDACEF /* PhotoViewController.swift */; };
		734FB827DC2B3A193C25AD15 /* Pods_Snapchat.framework in Frameworks */ = {isa = PBXBuildFile; fileRef = 7857200A70C8308CF3F7C67B /* Pods_Snapchat.framework */; };
/* End PBXBuildFile section */

/* Begin PBXFileReference section */
		4624EA7127F1E92700C87398 /* Alert.swift */ = {isa = PBXFileReference; lastKnownFileType = sourcecode.swift; path = Alert.swift; sourceTree = "<group>"; };
		4624EA7327F2017100C87398 /* UsersTableViewController.swift */ = {isa = PBXFileReference; lastKnownFileType = sourcecode.swift; path = UsersTableViewController.swift; sourceTree = "<group>"; };
		469BCA3727EB899100DDACEF /* Snapchat.app */ = {isa = PBXFileReference; explicitFileType = wrapper.application; includeInIndex = 0; path = Snapchat.app; sourceTree = BUILT_PRODUCTS_DIR; };
		469BCA3A27EB899100DDACEF /* AppDelegate.swift */ = {isa = PBXFileReference; lastKnownFileType = sourcecode.swift; path = AppDelegate.swift; sourceTree = "<group>"; };
		469BCA3C27EB899100DDACEF /* SceneDelegate.swift */ = {isa = PBXFileReference; lastKnownFileType = sourcecode.swift; path = SceneDelegate.swift; sourceTree = "<group>"; };
		469BCA3E27EB899100DDACEF /* ViewController.swift */ = {isa = PBXFileReference; lastKnownFileType = sourcecode.swift; path = ViewController.swift; sourceTree = "<group>"; };
		469BCA4127EB899100DDACEF /* Base */ = {isa = PBXFileReference; lastKnownFileType = file.storyboard; name = Base; path = Base.lproj/Main.storyboard; sourceTree = "<group>"; };
		469BCA4327EB899300DDACEF /* Assets.xcassets */ = {isa = PBXFileReference; lastKnownFileType = folder.assetcatalog; path = Assets.xcassets; sourceTree = "<group>"; };
		469BCA4627EB899300DDACEF /* Base */ = {isa = PBXFileReference; lastKnownFileType = file.storyboard; name = Base; path = Base.lproj/LaunchScreen.storyboard; sourceTree = "<group>"; };
		469BCA4827EB899300DDACEF /* Info.plist */ = {isa = PBXFileReference; lastKnownFileType = text.plist.xml; path = Info.plist; sourceTree = "<group>"; };
		469BCA5227EB8CCA00DDACEF /* GoogleService-Info.plist */ = {isa = PBXFileReference; fileEncoding = 4; lastKnownFileType = text.plist.xml; name = "GoogleService-Info.plist"; path = "../../../../../Downloads/GoogleService-Info.plist"; sourceTree = "<group>"; };
		469BCA5427EB925800DDACEF /* SignInViewController.swift */ = {isa = PBXFileReference; lastKnownFileType = sourcecode.swift; path = SignInViewController.swift; sourceTree = "<group>"; };
		469BCA5627EB927E00DDACEF /* RegisterViewController.swift */ = {isa = PBXFileReference; lastKnownFileType = sourcecode.swift; path = RegisterViewController.swift; sourceTree = "<group>"; };
		469BCA5827ECEDC200DDACEF /* SnapViewController.swift */ = {isa = PBXFileReference; lastKnownFileType = sourcecode.swift; path = SnapViewController.swift; sourceTree = "<group>"; };
		469BCA5A27ECEE0400DDACEF /* PhotoViewController.swift */ = {isa = PBXFileReference; lastKnownFileType = sourcecode.swift; path = PhotoViewController.swift; sourceTree = "<group>"; };
		64F87D1137477CE3ECED47CC /* Pods-Snapchat.release.xcconfig */ = {isa = PBXFileReference; includeInIndex = 1; lastKnownFileType = text.xcconfig; name = "Pods-Snapchat.release.xcconfig"; path = "Target Support Files/Pods-Snapchat/Pods-Snapchat.release.xcconfig"; sourceTree = "<group>"; };
		730D3F21B2D72A5FE186B67E /* Pods-Snapchat.debug.xcconfig */ = {isa = PBXFileReference; includeInIndex = 1; lastKnownFileType = text.xcconfig; name = "Pods-Snapchat.debug.xcconfig"; path = "Target Support Files/Pods-Snapchat/Pods-Snapchat.debug.xcconfig"; sourceTree = "<group>"; };
		7857200A70C8308CF3F7C67B /* Pods_Snapchat.framework */ = {isa = PBXFileReference; explicitFileType = wrapper.framework; includeInIndex = 0; path = Pods_Snapchat.framework; sourceTree = BUILT_PRODUCTS_DIR; };
/* End PBXFileReference section */

/* Begin PBXFrameworksBuildPhase section */
		469BCA3427EB899100DDACEF /* Frameworks */ = {
			isa = PBXFrameworksBuildPhase;
			buildActionMask = 2147483647;
			files = (
				734FB827DC2B3A193C25AD15 /* Pods_Snapchat.framework in Frameworks */,
			);
			runOnlyForDeploymentPostprocessing = 0;
		};
/* End PBXFrameworksBuildPhase section */

/* Begin PBXGroup section */
		4624EA6F27F1E8D300C87398 /* Controllers */ = {
			isa = PBXGroup;
			children = (
				469BCA3E27EB899100DDACEF /* ViewController.swift */,
				469BCA5427EB925800DDACEF /* SignInViewController.swift */,
				469BCA5627EB927E00DDACEF /* RegisterViewController.swift */,
				469BCA5827ECEDC200DDACEF /* SnapViewController.swift */,
				469BCA5A27ECEE0400DDACEF /* PhotoViewController.swift */,
				4624EA7327F2017100C87398 /* UsersTableViewController.swift */,
			);
			path = Controllers;
			sourceTree = "<group>";
		};
		4624EA7027F1E8DD00C87398 /* Model */ = {
			isa = PBXGroup;
			children = (
				4624EA7127F1E92700C87398 /* Alert.swift */,
			);
			path = Model;
			sourceTree = "<group>";
		};
		469BCA2E27EB899100DDACEF = {
			isa = PBXGroup;
			children = (
				469BCA3927EB899100DDACEF /* Snapchat */,
				469BCA3827EB899100DDACEF /* Products */,
				E68CE9EC8D193A223B0BFC37 /* Pods */,
				FAEAD5F9E76B2A1C0C30EC7C /* Frameworks */,
			);
			sourceTree = "<group>";
		};
		469BCA3827EB899100DDACEF /* Products */ = {
			isa = PBXGroup;
			children = (
				469BCA3727EB899100DDACEF /* Snapchat.app */,
			);
			name = Products;
			sourceTree = "<group>";
		};
		469BCA3927EB899100DDACEF /* Snapchat */ = {
			isa = PBXGroup;
			children = (
				4624EA7027F1E8DD00C87398 /* Model */,
				4624EA6F27F1E8D300C87398 /* Controllers */,
				469BCA3A27EB899100DDACEF /* AppDelegate.swift */,
				469BCA3C27EB899100DDACEF /* SceneDelegate.swift */,
				469BCA4027EB899100DDACEF /* Main.storyboard */,
				469BCA4327EB899300DDACEF /* Assets.xcassets */,
				469BCA4527EB899300DDACEF /* LaunchScreen.storyboard */,
				469BCA4827EB899300DDACEF /* Info.plist */,
				469BCA5227EB8CCA00DDACEF /* GoogleService-Info.plist */,
			);
			path = Snapchat;
			sourceTree = "<group>";
		};
		E68CE9EC8D193A223B0BFC37 /* Pods */ = {
			isa = PBXGroup;
			children = (
				730D3F21B2D72A5FE186B67E /* Pods-Snapchat.debug.xcconfig */,
				64F87D1137477CE3ECED47CC /* Pods-Snapchat.release.xcconfig */,
			);
			path = Pods;
			sourceTree = "<group>";
		};
		FAEAD5F9E76B2A1C0C30EC7C /* Frameworks */ = {
			isa = PBXGroup;
			children = (
				7857200A70C8308CF3F7C67B /* Pods_Snapchat.framework */,
			);
			name = Frameworks;
			sourceTree = "<group>";
		};
/* End PBXGroup section */

/* Begin PBXNativeTarget section */
		469BCA3627EB899100DDACEF /* Snapchat */ = {
			isa = PBXNativeTarget;
			buildConfigurationList = 469BCA4B27EB899300DDACEF /* Build configuration list for PBXNativeTarget "Snapchat" */;
			buildPhases = (
				E78EA4691C6D9D5F39AE26B0 /* [CP] Check Pods Manifest.lock */,
				469BCA3327EB899100DDACEF /* Sources */,
				469BCA3427EB899100DDACEF /* Frameworks */,
				469BCA3527EB899100DDACEF /* Resources */,
				CD557DC19A986CDF001EC210 /* [CP] Embed Pods Frameworks */,
			);
			buildRules = (
			);
			dependencies = (
			);
			name = Snapchat;
			productName = Snapchat;
			productReference = 469BCA3727EB899100DDACEF /* Snapchat.app */;
			productType = "com.apple.product-type.application";
		};
/* End PBXNativeTarget section */

/* Begin PBXProject section */
		469BCA2F27EB899100DDACEF /* Project object */ = {
			isa = PBXProject;
			attributes = {
				BuildIndependentTargetsInParallel = 1;
				LastSwiftUpdateCheck = 1320;
				LastUpgradeCheck = 1320;
				TargetAttributes = {
					469BCA3627EB899100DDACEF = {
						CreatedOnToolsVersion = 13.2.1;
					};
				};
			};
			buildConfigurationList = 469BCA3227EB899100DDACEF /* Build configuration list for PBXProject "Snapchat" */;
			compatibilityVersion = "Xcode 13.0";
			developmentRegion = en;
			hasScannedForEncodings = 0;
			knownRegions = (
				en,
				Base,
			);
			mainGroup = 469BCA2E27EB899100DDACEF;
			productRefGroup = 469BCA3827EB899100DDACEF /* Products */;
			projectDirPath = "";
			projectRoot = "";
			targets = (
				469BCA3627EB899100DDACEF /* Snapchat */,
			);
		};
/* End PBXProject section */

/* Begin PBXResourcesBuildPhase section */
		469BCA3527EB899100DDACEF /* Resources */ = {
			isa = PBXResourcesBuildPhase;
			buildActionMask = 2147483647;
			files = (
				469BCA4727EB899300DDACEF /* LaunchScreen.storyboard in Resources */,
				469BCA5327EB8CCA00DDACEF /* GoogleService-Info.plist in Resources */,
				469BCA4427EB899300DDACEF /* Assets.xcassets in Resources */,
				469BCA4227EB899100DDACEF /* Main.storyboard in Resources */,
			);
			runOnlyForDeploymentPostprocessing = 0;
		};
/* End PBXResourcesBuildPhase section */

/* Begin PBXShellScriptBuildPhase section */
		CD557DC19A986CDF001EC210 /* [CP] Embed Pods Frameworks */ = {
			isa = PBXShellScriptBuildPhase;
			buildActionMask = 2147483647;
			files = (
			);
			inputFileListPaths = (
				"${PODS_ROOT}/Target Support Files/Pods-Snapchat/Pods-Snapchat-frameworks-${CONFIGURATION}-input-files.xcfilelist",
			);
			name = "[CP] Embed Pods Frameworks";
			outputFileListPaths = (
				"${PODS_ROOT}/Target Support Files/Pods-Snapchat/Pods-Snapchat-frameworks-${CONFIGURATION}-output-files.xcfilelist",
			);
			runOnlyForDeploymentPostprocessing = 0;
			shellPath = /bin/sh;
			shellScript = "\"${PODS_ROOT}/Target Support Files/Pods-Snapchat/Pods-Snapchat-frameworks.sh\"\n";
			showEnvVarsInLog = 0;
		};
		E78EA4691C6D9D5F39AE26B0 /* [CP] Check Pods Manifest.lock */ = {
			isa = PBXShellScriptBuildPhase;
			buildActionMask = 2147483647;
			files = (
			);
			inputFileListPaths = (
			);
			inputPaths = (
				"${PODS_PODFILE_DIR_PATH}/Podfile.lock",
				"${PODS_ROOT}/Manifest.lock",
			);
			name = "[CP] Check Pods Manifest.lock";
			outputFileListPaths = (
			);
			outputPaths = (
				"$(DERIVED_FILE_DIR)/Pods-Snapchat-checkManifestLockResult.txt",
			);
			runOnlyForDeploymentPostprocessing = 0;
			shellPath = /bin/sh;
			shellScript = "diff \"${PODS_PODFILE_DIR_PATH}/Podfile.lock\" \"${PODS_ROOT}/Manifest.lock\" > /dev/null\nif [ $? != 0 ] ; then\n    # print error to STDERR\n    echo \"error: The sandbox is not in sync with the Podfile.lock. Run 'pod install' or update your CocoaPods installation.\" >&2\n    exit 1\nfi\n# This output is used by Xcode 'outputs' to avoid re-running this script phase.\necho \"SUCCESS\" > \"${SCRIPT_OUTPUT_FILE_0}\"\n";
			showEnvVarsInLog = 0;
		};
/* End PBXShellScriptBuildPhase section */

/* Begin PBXSourcesBuildPhase section */
		469BCA3327EB899100DDACEF /* Sources */ = {
			isa = PBXSourcesBuildPhase;
			buildActionMask = 2147483647;
			files = (
				4624EA7227F1E92700C87398 /* Alert.swift in Sources */,
				469BCA5927ECEDC200DDACEF /* SnapViewController.swift in Sources */,
				4624EA7427F2017100C87398 /* UsersTableViewController.swift in Sources */,
				469BCA5527EB925800DDACEF /* SignInViewController.swift in Sources */,
				469BCA5727EB927E00DDACEF /* RegisterViewController.swift in Sources */,
				469BCA3F27EB899100DDACEF /* ViewController.swift in Sources */,
				469BCA5B27ECEE0400DDACEF /* PhotoViewController.swift in Sources */,
				469BCA3B27EB899100DDACEF /* AppDelegate.swift in Sources */,
				469BCA3D27EB899100DDACEF /* SceneDelegate.swift in Sources */,
			);
			runOnlyForDeploymentPostprocessing = 0;
		};
/* End PBXSourcesBuildPhase section */

/* Begin PBXVariantGroup section */
		469BCA4027EB899100DDACEF /* Main.storyboard */ = {
			isa = PBXVariantGroup;
			children = (
				469BCA4127EB899100DDACEF /* Base */,
			);
			name = Main.storyboard;
			sourceTree = "<group>";
		};
		469BCA4527EB899300DDACEF /* LaunchScreen.storyboard */ = {
			isa = PBXVariantGroup;
			children = (
				469BCA4627EB899300DDACEF /* Base */,
			);
			name = LaunchScreen.storyboard;
			sourceTree = "<group>";
		};
/* End PBXVariantGroup section */

/* Begin XCBuildConfiguration section */
		469BCA4927EB899300DDACEF /* Debug */ = {
			isa = XCBuildConfiguration;
			buildSettings = {
				ALWAYS_SEARCH_USER_PATHS = NO;
				CLANG_ANALYZER_NONNULL = YES;
				CLANG_ANALYZER_NUMBER_OBJECT_CONVERSION = YES_AGGRESSIVE;
				CLANG_CXX_LANGUAGE_STANDARD = "gnu++17";
				CLANG_CXX_LIBRARY = "libc++";
				CLANG_ENABLE_MODULES = YES;
				CLANG_ENABLE_OBJC_ARC = YES;
				CLANG_ENABLE_OBJC_WEAK = YES;
				CLANG_WARN_BLOCK_CAPTURE_AUTORELEASING = YES;
				CLANG_WARN_BOOL_CONVERSION = YES;
				CLANG_WARN_COMMA = YES;
				CLANG_WARN_CONSTANT_CONVERSION = YES;
				CLANG_WARN_DEPRECATED_OBJC_IMPLEMENTATIONS = YES;
				CLANG_WARN_DIRECT_OBJC_ISA_USAGE = YES_ERROR;
				CLANG_WARN_DOCUMENTATION_COMMENTS = YES;
				CLANG_WARN_EMPTY_BODY = YES;
				CLANG_WARN_ENUM_CONVERSION = YES;
				CLANG_WARN_INFINITE_RECURSION = YES;
				CLANG_WARN_INT_CONVERSION = YES;
				CLANG_WARN_NON_LITERAL_NULL_CONVERSION = YES;
				CLANG_WARN_OBJC_IMPLICIT_RETAIN_SELF = YES;
				CLANG_WARN_OBJC_LITERAL_CONVERSION = YES;
				CLANG_WARN_OBJC_ROOT_CLASS = YES_ERROR;
				CLANG_WARN_QUOTED_INCLUDE_IN_FRAMEWORK_HEADER = YES;
				CLANG_WARN_RANGE_LOOP_ANALYSIS = YES;
				CLANG_WARN_STRICT_PROTOTYPES = YES;
				CLANG_WARN_SUSPICIOUS_MOVE = YES;
				CLANG_WARN_UNGUARDED_AVAILABILITY = YES_AGGRESSIVE;
				CLANG_WARN_UNREACHABLE_CODE = YES;
				CLANG_WARN__DUPLICATE_METHOD_MATCH = YES;
				COPY_PHASE_STRIP = NO;
				DEBUG_INFORMATION_FORMAT = dwarf;
				ENABLE_STRICT_OBJC_MSGSEND = YES;
				ENABLE_TESTABILITY = YES;
				GCC_C_LANGUAGE_STANDARD = gnu11;
				GCC_DYNAMIC_NO_PIC = NO;
				GCC_NO_COMMON_BLOCKS = YES;
				GCC_OPTIMIZATION_LEVEL = 0;
				GCC_PREPROCESSOR_DEFINITIONS = (
					"DEBUG=1",
					"$(inherited)",
				);
				GCC_WARN_64_TO_32_BIT_CONVERSION = YES;
				GCC_WARN_ABOUT_RETURN_TYPE = YES_ERROR;
				GCC_WARN_UNDECLARED_SELECTOR = YES;
				GCC_WARN_UNINITIALIZED_AUTOS = YES_AGGRESSIVE;
				GCC_WARN_UNUSED_FUNCTION = YES;
				GCC_WARN_UNUSED_VARIABLE = YES;
				IPHONEOS_DEPLOYMENT_TARGET = 15.2;
				MTL_ENABLE_DEBUG_INFO = INCLUDE_SOURCE;
				MTL_FAST_MATH = YES;
				ONLY_ACTIVE_ARCH = YES;
				SDKROOT = iphoneos;
				SWIFT_ACTIVE_COMPILATION_CONDITIONS = DEBUG;
				SWIFT_OPTIMIZATION_LEVEL = "-Onone";
			};
			name = Debug;
		};
		469BCA4A27EB899300DDACEF /* Release */ = {
			isa = XCBuildConfiguration;
			buildSettings = {
				ALWAYS_SEARCH_USER_PATHS = NO;
				CLANG_ANALYZER_NONNULL = YES;
				CLANG_ANALYZER_NUMBER_OBJECT_CONVERSION = YES_AGGRESSIVE;
				CLANG_CXX_LANGUAGE_STANDARD = "gnu++17";
				CLANG_CXX_LIBRARY = "libc++";
				CLANG_ENABLE_MODULES = YES;
				CLANG_ENABLE_OBJC_ARC = YES;
				CLANG_ENABLE_OBJC_WEAK = YES;
				CLANG_WARN_BLOCK_CAPTURE_AUTORELEASING = YES;
				CLANG_WARN_BOOL_CONVERSION = YES;
				CLANG_WARN_COMMA = YES;
				CLANG_WARN_CONSTANT_CONVERSION = YES;
				CLANG_WARN_DEPRECATED_OBJC_IMPLEMENTATIONS = YES;
				CLANG_WARN_DIRECT_OBJC_ISA_USAGE = YES_ERROR;
				CLANG_WARN_DOCUMENTATION_COMMENTS = YES;
				CLANG_WARN_EMPTY_BODY = YES;
				CLANG_WARN_ENUM_CONVERSION = YES;
				CLANG_WARN_INFINITE_RECURSION = YES;
				CLANG_WARN_INT_CONVERSION = YES;
				CLANG_WARN_NON_LITERAL_NULL_CONVERSION = YES;
				CLANG_WARN_OBJC_IMPLICIT_RETAIN_SELF = YES;
				CLANG_WARN_OBJC_LITERAL_CONVERSION = YES;
				CLANG_WARN_OBJC_ROOT_CLASS = YES_ERROR;
				CLANG_WARN_QUOTED_INCLUDE_IN_FRAMEWORK_HEADER = YES;
				CLANG_WARN_RANGE_LOOP_ANALYSIS = YES;
				CLANG_WARN_STRICT_PROTOTYPES = YES;
				CLANG_WARN_SUSPICIOUS_MOVE = YES;
				CLANG_WARN_UNGUARDED_AVAILABILITY = YES_AGGRESSIVE;
				CLANG_WARN_UNREACHABLE_CODE = YES;
				CLANG_WARN__DUPLICATE_METHOD_MATCH = YES;
				COPY_PHASE_STRIP = NO;
				DEBUG_INFORMATION_FORMAT = "dwarf-with-dsym";
				ENABLE_NS_ASSERTIONS = NO;
				ENABLE_STRICT_OBJC_MSGSEND = YES;
				GCC_C_LANGUAGE_STANDARD = gnu11;
				GCC_NO_COMMON_BLOCKS = YES;
				GCC_WARN_64_TO_32_BIT_CONVERSION = YES;
				GCC_WARN_ABOUT_RETURN_TYPE = YES_ERROR;
				GCC_WARN_UNDECLARED_SELECTOR = YES;
				GCC_WARN_UNINITIALIZED_AUTOS = YES_AGGRESSIVE;
				GCC_WARN_UNUSED_FUNCTION = YES;
				GCC_WARN_UNUSED_VARIABLE = YES;
				IPHONEOS_DEPLOYMENT_TARGET = 15.2;
				MTL_ENABLE_DEBUG_INFO = NO;
				MTL_FAST_MATH = YES;
				SDKROOT = iphoneos;
				SWIFT_COMPILATION_MODE = wholemodule;
				SWIFT_OPTIMIZATION_LEVEL = "-O";
				VALIDATE_PRODUCT = YES;
			};
			name = Release;
		};
		469BCA4C27EB899300DDACEF /* Debug */ = {
			isa = XCBuildConfiguration;
			baseConfigurationReference = 730D3F21B2D72A5FE186B67E /* Pods-Snapchat.debug.xcconfig */;
			buildSettings = {
				ASSETCATALOG_COMPILER_APPICON_NAME = AppIcon;
				ASSETCATALOG_COMPILER_GLOBAL_ACCENT_COLOR_NAME = AccentColor;
				CODE_SIGN_STYLE = Automatic;
				CURRENT_PROJECT_VERSION = 1;
				GENERATE_INFOPLIST_FILE = YES;
				INFOPLIST_FILE = Snapchat/Info.plist;
				INFOPLIST_KEY_UIApplicationSupportsIndirectInputEvents = YES;
				INFOPLIST_KEY_UILaunchStoryboardName = LaunchScreen;
				INFOPLIST_KEY_UIMainStoryboardFile = Main;
				INFOPLIST_KEY_UISupportedInterfaceOrientations = UIInterfaceOrientationPortrait;
				INFOPLIST_KEY_UISupportedInterfaceOrientations_iPad = "UIInterfaceOrientationPortrait UIInterfaceOrientationPortraitUpsideDown UIInterfaceOrientationLandscapeLeft UIInterfaceOrientationLandscapeRight";
				INFOPLIST_KEY_UISupportedInterfaceOrientations_iPhone = "UIInterfaceOrientationPortrait UIInterfaceOrientationLandscapeLeft UIInterfaceOrientationLandscapeRight";
				LD_RUNPATH_SEARCH_PATHS = (
					"$(inherited)",
					"@executable_path/Frameworks",
				);
				MARKETING_VERSION = 1.0;
				PRODUCT_BUNDLE_IDENTIFIER = Rethink.Snapchat;
				PRODUCT_NAME = "$(TARGET_NAME)";
				SWIFT_EMIT_LOC_STRINGS = YES;
				SWIFT_VERSION = 5.0;
				TARGETED_DEVICE_FAMILY = "1,2";
			};
			name = Debug;
		};
		469BCA4D27EB899300DDACEF /* Release */ = {
			isa = XCBuildConfiguration;
			baseConfigurationReference = 64F87D1137477CE3ECED47CC /* Pods-Snapchat.release.xcconfig */;
			buildSettings = {
				ASSETCATALOG_COMPILER_APPICON_NAME = AppIcon;
				ASSETCATALOG_COMPILER_GLOBAL_ACCENT_COLOR_NAME = AccentColor;
				CODE_SIGN_STYLE = Automatic;
				CURRENT_PROJECT_VERSION = 1;
				GENERATE_INFOPLIST_FILE = YES;
				INFOPLIST_FILE = Snapchat/Info.plist;
				INFOPLIST_KEY_UIApplicationSupportsIndirectInputEvents = YES;
				INFOPLIST_KEY_UILaunchStoryboardName = LaunchScreen;
				INFOPLIST_KEY_UIMainStoryboardFile = Main;
				INFOPLIST_KEY_UISupportedInterfaceOrientations = UIInterfaceOrientationPortrait;
				INFOPLIST_KEY_UISupportedInterfaceOrientations_iPad = "UIInterfaceOrientationPortrait UIInterfaceOrientationPortraitUpsideDown UIInterfaceOrientationLandscapeLeft UIInterfaceOrientationLandscapeRight";
				INFOPLIST_KEY_UISupportedInterfaceOrientations_iPhone = "UIInterfaceOrientationPortrait UIInterfaceOrientationLandscapeLeft UIInterfaceOrientationLandscapeRight";
				LD_RUNPATH_SEARCH_PATHS = (
					"$(inherited)",
					"@executable_path/Frameworks",
				);
				MARKETING_VERSION = 1.0;
				PRODUCT_BUNDLE_IDENTIFIER = Rethink.Snapchat;
				PRODUCT_NAME = "$(TARGET_NAME)";
				SWIFT_EMIT_LOC_STRINGS = YES;
				SWIFT_VERSION = 5.0;
				TARGETED_DEVICE_FAMILY = "1,2";
			};
			name = Release;
		};
/* End XCBuildConfiguration section */

/* Begin XCConfigurationList section */
		469BCA3227EB899100DDACEF /* Build configuration list for PBXProject "Snapchat" */ = {
			isa = XCConfigurationList;
			buildConfigurations = (
				469BCA4927EB899300DDACEF /* Debug */,
				469BCA4A27EB899300DDACEF /* Release */,
			);
			defaultConfigurationIsVisible = 0;
			defaultConfigurationName = Release;
		};
		469BCA4B27EB899300DDACEF /* Build configuration list for PBXNativeTarget "Snapchat" */ = {
			isa = XCConfigurationList;
			buildConfigurations = (
				469BCA4C27EB899300DDACEF /* Debug */,
				469BCA4D27EB899300DDACEF /* Release */,
			);
			defaultConfigurationIsVisible = 0;
			defaultConfigurationName = Release;
		};
/* End XCConfigurationList section */
	};
	rootObject = 469BCA2F27EB899100DDACEF /* Project object */;
}
